
Microsoft Visual Studio Solution File, Format Version 12.00
# Visual Studio 15
Project("{FAE04EC0-301F-11D3-BF4B-00C04F79EFBC}") = "Assembly-CSharp-firstpass", "Assembly-CSharp-firstpass.csproj", "{0200DBC4-BFA0-D0AE-7B9A-D8D5349CF8B6}"
EndProject
Project("{FAE04EC0-301F-11D3-BF4B-00C04F79EFBC}") = "Assembly-CSharp", "Assembly-CSharp.csproj", "{2EC7A4A2-CDC7-0488-0C9B-B484900EEB60}"
EndProject
Project("{FAE04EC0-301F-11D3-BF4B-00C04F79EFBC}") = "Assembly-CSharp-Editor-firstpass", "Assembly-CSharp-Editor-firstpass.csproj", "{ECCD33F0-BBEC-386C-B12A-FB86B10533B3}"
EndProject
Global
	GlobalSection(SolutionConfigurationPlatforms) = preSolution
		Debug|Any CPU = Debug|Any CPU
		Release|Any CPU = Release|Any CPU
	EndGlobalSection
	GlobalSection(ProjectConfigurationPlatforms) = postSolution
		{0200DBC4-BFA0-D0AE-7B9A-D8D5349CF8B6}.Debug|Any CPU.ActiveCfg = Debug|Any CPU
		{0200DBC4-BFA0-D0AE-7B9A-D8D5349CF8B6}.Debug|Any CPU.Build.0 = Debug|Any CPU
		{0200DBC4-BFA0-D0AE-7B9A-D8D5349CF8B6}.Release|Any CPU.ActiveCfg = Release|Any CPU
		{0200DBC4-BFA0-D0AE-7B9A-D8D5349CF8B6}.Release|Any CPU.Build.0 = Release|Any CPU
		{2EC7A4A2-CDC7-0488-0C9B-B484900EEB60}.Debug|Any CPU.ActiveCfg = Debug|Any CPU
		{2EC7A4A2-CDC7-0488-0C9B-B484900EEB60}.Debug|Any CPU.Build.0 = Debug|Any CPU
		{2EC7A4A2-CDC7-0488-0C9B-B484900EEB60}.Release|Any CPU.ActiveCfg = Release|Any CPU
		{2EC7A4A2-CDC7-0488-0C9B-B484900EEB60}.Release|Any CPU.Build.0 = Release|Any CPU
		{ECCD33F0-BBEC-386C-B12A-FB86B10533B3}.Debug|Any CPU.ActiveCfg = Debug|Any CPU
		{ECCD33F0-BBEC-386C-B12A-FB86B10533B3}.Debug|Any CPU.Build.0 = Debug|Any CPU
		{ECCD33F0-BBEC-386C-B12A-FB86B10533B3}.Release|Any CPU.ActiveCfg = Release|Any CPU
		{ECCD33F0-BBEC-386C-B12A-FB86B10533B3}.Release|Any CPU.Build.0 = Release|Any CPU
	EndGlobalSection
	GlobalSection(SolutionProperties) = preSolution
		HideSolutionNode = FALSE
	EndGlobalSection
EndGlobal
